// !$*UTF8*$!
{
	archiveVersion = 1;
	classes = {
	};
	objectVersion = 46;
	objects = {

/* Begin PBXBuildFile section */
		99D750DC1E3815E5009AC92D /* AppDelegate.swift in Sources */ = {isa = PBXBuildFile; fileRef = 99D750DB1E3815E5009AC92D /* AppDelegate.swift */; };
		99D750DE1E3815E5009AC92D /* ViewController.swift in Sources */ = {isa = PBXBuildFile; fileRef = 99D750DD1E3815E5009AC92D /* ViewController.swift */; };
		99D750E11E3815E5009AC92D /* Main.storyboard in Resources */ = {isa = PBXBuildFile; fileRef = 99D750DF1E3815E5009AC92D /* Main.storyboard */; };
		99D750E31E3815E5009AC92D /* Assets.xcassets in Resources */ = {isa = PBXBuildFile; fileRef = 99D750E21E3815E5009AC92D /* Assets.xcassets */; };
		99D750E61E3815E5009AC92D /* LaunchScreen.storyboard in Resources */ = {isa = PBXBuildFile; fileRef = 99D750E41E3815E5009AC92D /* LaunchScreen.storyboard */; };
		99D750F11E3815E5009AC92D /* BabyNamerTests.swift in Sources */ = {isa = PBXBuildFile; fileRef = 99D750F01E3815E5009AC92D /* BabyNamerTests.swift */; };
		99D750FC1E381B50009AC92D /* BabyNameFactory.swift in Sources */ = {isa = PBXBuildFile; fileRef = 99D750FB1E381B50009AC92D /* BabyNameFactory.swift */; };
		99D750FE1E381B8E009AC92D /* BabyName.swift in Sources */ = {isa = PBXBuildFile; fileRef = 99D750FD1E381B8E009AC92D /* BabyName.swift */; };
		99D751001E381BD4009AC92D /* Gender.swift in Sources */ = {isa = PBXBuildFile; fileRef = 99D750FF1E381BD4009AC92D /* Gender.swift */; };
		99D751011E381D96009AC92D /* BabyNameFactory.swift in Sources */ = {isa = PBXBuildFile; fileRef = 99D750FB1E381B50009AC92D /* BabyNameFactory.swift */; };
		99D751021E381DE0009AC92D /* Gender.swift in Sources */ = {isa = PBXBuildFile; fileRef = 99D750FF1E381BD4009AC92D /* Gender.swift */; };
		99D751031E381E3F009AC92D /* BabyName.swift in Sources */ = {isa = PBXBuildFile; fileRef = 99D750FD1E381B8E009AC92D /* BabyName.swift */; };
/* End PBXBuildFile section */

/* Begin PBXContainerItemProxy section */
		99D750ED1E3815E5009AC92D /* PBXContainerItemProxy */ = {
			isa = PBXContainerItemProxy;
			containerPortal = 99D750D01E3815E5009AC92D /* Project object */;
			proxyType = 1;
			remoteGlobalIDString = 99D750D71E3815E5009AC92D;
			remoteInfo = BabyNamer;
		};
/* End PBXContainerItemProxy section */

/* Begin PBXFileReference section */
		99D750D81E3815E5009AC92D /* BabyNamer.app */ = {isa = PBXFileReference; explicitFileType = wrapper.application; includeInIndex = 0; path = BabyNamer.app; sourceTree = BUILT_PRODUCTS_DIR; };
		99D750DB1E3815E5009AC92D /* AppDelegate.swift */ = {isa = PBXFileReference; lastKnownFileType = sourcecode.swift; path = AppDelegate.swift; sourceTree = "<group>"; };
		99D750DD1E3815E5009AC92D /* ViewController.swift */ = {isa = PBXFileReference; lastKnownFileType = sourcecode.swift; path = ViewController.swift; sourceTree = "<group>"; };
		99D750E01E3815E5009AC92D /* Base */ = {isa = PBXFileReference; lastKnownFileType = file.storyboard; name = Base; path = Base.lproj/Main.storyboard; sourceTree = "<group>"; };
		99D750E21E3815E5009AC92D /* Assets.xcassets */ = {isa = PBXFileReference; lastKnownFileType = folder.assetcatalog; path = Assets.xcassets; sourceTree = "<group>"; };
		99D750E51E3815E5009AC92D /* Base */ = {isa = PBXFileReference; lastKnownFileType = file.storyboard; name = Base; path = Base.lproj/LaunchScreen.storyboard; sourceTree = "<group>"; };
		99D750E71E3815E5009AC92D /* Info.plist */ = {isa = PBXFileReference; lastKnownFileType = text.plist.xml; path = Info.plist; sourceTree = "<group>"; };
		99D750EC1E3815E5009AC92D /* BabyNamerTests.xctest */ = {isa = PBXFileReference; explicitFileType = wrapper.cfbundle; includeInIndex = 0; path = BabyNamerTests.xctest; sourceTree = BUILT_PRODUCTS_DIR; };
		99D750F01E3815E5009AC92D /* BabyNamerTests.swift */ = {isa = PBXFileReference; lastKnownFileType = sourcecode.swift; path = BabyNamerTests.swift; sourceTree = "<group>"; };
		99D750F21E3815E5009AC92D /* Info.plist */ = {isa = PBXFileReference; lastKnownFileType = text.plist.xml; path = Info.plist; sourceTree = "<group>"; };
		99D750FB1E381B50009AC92D /* BabyNameFactory.swift */ = {isa = PBXFileReference; fileEncoding = 4; lastKnownFileType = sourcecode.swift; path = BabyNameFactory.swift; sourceTree = "<group>"; };
		99D750FD1E381B8E009AC92D /* BabyName.swift */ = {isa = PBXFileReference; fileEncoding = 4; lastKnownFileType = sourcecode.swift; path = BabyName.swift; sourceTree = "<group>"; };
		99D750FF1E381BD4009AC92D /* Gender.swift */ = {isa = PBXFileReference; fileEncoding = 4; lastKnownFileType = sourcecode.swift; path = Gender.swift; sourceTree = "<group>"; };
/* End PBXFileReference section */

/* Begin PBXFrameworksBuildPhase section */
		99D750D51E3815E5009AC92D /* Frameworks */ = {
			isa = PBXFrameworksBuildPhase;
			buildActionMask = 2147483647;
			files = (
			);
			runOnlyForDeploymentPostprocessing = 0;
		};
		99D750E91E3815E5009AC92D /* Frameworks */ = {
			isa = PBXFrameworksBuildPhase;
			buildActionMask = 2147483647;
			files = (
			);
			runOnlyForDeploymentPostprocessing = 0;
		};
/* End PBXFrameworksBuildPhase section */

/* Begin PBXGroup section */
		99D750CF1E3815E5009AC92D = {
			isa = PBXGroup;
			children = (
				99D750DA1E3815E5009AC92D /* BabyNamer */,
				99D750EF1E3815E5009AC92D /* BabyNamerTests */,
				99D750D91E3815E5009AC92D /* Products */,
			);
			sourceTree = "<group>";
		};
		99D750D91E3815E5009AC92D /* Products */ = {
			isa = PBXGroup;
			children = (
				99D750D81E3815E5009AC92D /* BabyNamer.app */,
				99D750EC1E3815E5009AC92D /* BabyNamerTests.xctest */,
			);
			name = Products;
			sourceTree = "<group>";
		};
		99D750DA1E3815E5009AC92D /* BabyNamer */ = {
			isa = PBXGroup;
			children = (
				99D750DB1E3815E5009AC92D /* AppDelegate.swift */,
				99D750DD1E3815E5009AC92D /* ViewController.swift */,
				99D750DF1E3815E5009AC92D /* Main.storyboard */,
				99D750E21E3815E5009AC92D /* Assets.xcassets */,
				99D750E41E3815E5009AC92D /* LaunchScreen.storyboard */,
				99D750E71E3815E5009AC92D /* Info.plist */,
				99D750FB1E381B50009AC92D /* BabyNameFactory.swift */,
				99D750FD1E381B8E009AC92D /* BabyName.swift */,
				99D750FF1E381BD4009AC92D /* Gender.swift */,
			);
			path = BabyNamer;
			sourceTree = "<group>";
		};
		99D750EF1E3815E5009AC92D /* BabyNamerTests */ = {
			isa = PBXGroup;
			children = (
				99D750F01E3815E5009AC92D /* BabyNamerTests.swift */,
				99D750F21E3815E5009AC92D /* Info.plist */,
			);
			path = BabyNamerTests;
			sourceTree = "<group>";
		};
/* End PBXGroup section */

/* Begin PBXNativeTarget section */
		99D750D71E3815E5009AC92D /* BabyNamer */ = {
			isa = PBXNativeTarget;
			buildConfigurationList = 99D750F51E3815E5009AC92D /* Build configuration list for PBXNativeTarget "BabyNamer" */;
			buildPhases = (
				99D750D41E3815E5009AC92D /* Sources */,
				99D750D51E3815E5009AC92D /* Frameworks */,
				99D750D61E3815E5009AC92D /* Resources */,
			);
			buildRules = (
			);
			dependencies = (
			);
			name = BabyNamer;
			productName = BabyNamer;
			productReference = 99D750D81E3815E5009AC92D /* BabyNamer.app */;
			productType = "com.apple.product-type.application";
		};
		99D750EB1E3815E5009AC92D /* BabyNamerTests */ = {
			isa = PBXNativeTarget;
			buildConfigurationList = 99D750F81E3815E5009AC92D /* Build configuration list for PBXNativeTarget "BabyNamerTests" */;
			buildPhases = (
				99D750E81E3815E5009AC92D /* Sources */,
				99D750E91E3815E5009AC92D /* Frameworks */,
				99D750EA1E3815E5009AC92D /* Resources */,
			);
			buildRules = (
			);
			dependencies = (
				99D750EE1E3815E5009AC92D /* PBXTargetDependency */,
			);
			name = BabyNamerTests;
			productName = BabyNamerTests;
			productReference = 99D750EC1E3815E5009AC92D /* BabyNamerTests.xctest */;
			productType = "com.apple.product-type.bundle.unit-test";
		};
/* End PBXNativeTarget section */

/* Begin PBXProject section */
		99D750D01E3815E5009AC92D /* Project object */ = {
			isa = PBXProject;
			attributes = {
				LastSwiftUpdateCheck = 0810;
				LastUpgradeCheck = 0810;
				ORGANIZATIONNAME = "Motorola Solutions Inc.";
				TargetAttributes = {
					99D750D71E3815E5009AC92D = {
						CreatedOnToolsVersion = 8.1;
						ProvisioningStyle = Automatic;
					};
					99D750EB1E3815E5009AC92D = {
						CreatedOnToolsVersion = 8.1;
						ProvisioningStyle = Automatic;
						TestTargetID = 99D750D71E3815E5009AC92D;
					};
				};
			};
			buildConfigurationList = 99D750D31E3815E5009AC92D /* Build configuration list for PBXProject "BabyNamer" */;
			compatibilityVersion = "Xcode 3.2";
			developmentRegion = English;
			hasScannedForEncodings = 0;
			knownRegions = (
				en,
				Base,
			);
			mainGroup = 99D750CF1E3815E5009AC92D;
			productRefGroup = 99D750D91E3815E5009AC92D /* Products */;
			projectDirPath = "";
			projectRoot = "";
			targets = (
				99D750D71E3815E5009AC92D /* BabyNamer */,
				99D750EB1E3815E5009AC92D /* BabyNamerTests */,
			);
		};
/* End PBXProject section */

/* Begin PBXResourcesBuildPhase section */
		99D750D61E3815E5009AC92D /* Resources */ = {
			isa = PBXResourcesBuildPhase;
			buildActionMask = 2147483647;
			files = (
				99D750E61E3815E5009AC92D /* LaunchScreen.storyboard in Resources */,
				99D750E31E3815E5009AC92D /* Assets.xcassets in Resources */,
				99D750E11E3815E5009AC92D /* Main.storyboard in Resources */,
			);
			runOnlyForDeploymentPostprocessing = 0;
		};
		99D750EA1E3815E5009AC92D /* Resources */ = {
			isa = PBXResourcesBuildPhase;
			buildActionMask = 2147483647;
			files = (
			);
			runOnlyForDeploymentPostprocessing = 0;
		};
/* End PBXResourcesBuildPhase section */

/* Begin PBXSourcesBuildPhase section */
		99D750D41E3815E5009AC92D /* Sources */ = {
			isa = PBXSourcesBuildPhase;
			buildActionMask = 2147483647;
			files = (
				99D750FE1E381B8E009AC92D /* BabyName.swift in Sources */,
				99D751001E381BD4009AC92D /* Gender.swift in Sources */,
				99D750FC1E381B50009AC92D /* BabyNameFactory.swift in Sources */,
				99D750DE1E3815E5009AC92D /* ViewController.swift in Sources */,
				99D750DC1E3815E5009AC92D /* AppDelegate.swift in Sources */,
			);
			runOnlyForDeploymentPostprocessing = 0;
		};
		99D750E81E3815E5009AC92D /* Sources */ = {
			isa = PBXSourcesBuildPhase;
			buildActionMask = 2147483647;
			files = (
				99D751031E381E3F009AC92D /* BabyName.swift in Sources */,
				99D751021E381DE0009AC92D /* Gender.swift in Sources */,
				99D750F11E3815E5009AC92D /* BabyNamerTests.swift in Sources */,
				99D751011E381D96009AC92D /* BabyNameFactory.swift in Sources */,
			);
			runOnlyForDeploymentPostprocessing = 0;
		};
/* End PBXSourcesBuildPhase section */

/* Begin PBXTargetDependency section */
		99D750EE1E3815E5009AC92D /* PBXTargetDependency */ = {
			isa = PBXTargetDependency;
			target = 99D750D71E3815E5009AC92D /* BabyNamer */;
			targetProxy = 99D750ED1E3815E5009AC92D /* PBXContainerItemProxy */;
		};
/* End PBXTargetDependency section */

/* Begin PBXVariantGroup section */
		99D750DF1E3815E5009AC92D /* Main.storyboard */ = {
			isa = PBXVariantGroup;
			children = (
				99D750E01E3815E5009AC92D /* Base */,
			);
			name = Main.storyboard;
			sourceTree = "<group>";
		};
		99D750E41E3815E5009AC92D /* LaunchScreen.storyboard */ = {
			isa = PBXVariantGroup;
			children = (
				99D750E51E3815E5009AC92D /* Base */,
			);
			name = LaunchScreen.storyboard;
			sourceTree = "<group>";
		};
/* End PBXVariantGroup section */

/* Begin XCBuildConfiguration section */
		99D750F31E3815E5009AC92D /* Debug */ = {
			isa = XCBuildConfiguration;
			buildSettings = {
				ALWAYS_SEARCH_USER_PATHS = NO;
				CLANG_ANALYZER_NONNULL = YES;
				CLANG_CXX_LANGUAGE_STANDARD = "gnu++0x";
				CLANG_CXX_LIBRARY = "libc++";
				CLANG_ENABLE_MODULES = YES;
				CLANG_ENABLE_OBJC_ARC = YES;
				CLANG_WARN_BOOL_CONVERSION = YES;
				CLANG_WARN_CONSTANT_CONVERSION = YES;
				CLANG_WARN_DIRECT_OBJC_ISA_USAGE = YES_ERROR;
				CLANG_WARN_DOCUMENTATION_COMMENTS = YES;
				CLANG_WARN_EMPTY_BODY = YES;
				CLANG_WARN_ENUM_CONVERSION = YES;
				CLANG_WARN_INFINITE_RECURSION = YES;
				CLANG_WARN_INT_CONVERSION = YES;
				CLANG_WARN_OBJC_ROOT_CLASS = YES_ERROR;
				CLANG_WARN_SUSPICIOUS_MOVES = YES;
				CLANG_WARN_UNREACHABLE_CODE = YES;
				CLANG_WARN__DUPLICATE_METHOD_MATCH = YES;
				"CODE_SIGN_IDENTITY[sdk=iphoneos*]" = "iPhone Developer";
				COPY_PHASE_STRIP = NO;
				DEBUG_INFORMATION_FORMAT = dwarf;
				ENABLE_STRICT_OBJC_MSGSEND = YES;
				ENABLE_TESTABILITY = YES;
				GCC_C_LANGUAGE_STANDARD = gnu99;
				GCC_DYNAMIC_NO_PIC = NO;
				GCC_NO_COMMON_BLOCKS = YES;
				GCC_OPTIMIZATION_LEVEL = 0;
				GCC_PREPROCESSOR_DEFINITIONS = (
					"DEBUG=1",
					"$(inherited)",
				);
				GCC_WARN_64_TO_32_BIT_CONVERSION = YES;
				GCC_WARN_ABOUT_RETURN_TYPE = YES_ERROR;
				GCC_WARN_UNDECLARED_SELECTOR = YES;
				GCC_WARN_UNINITIALIZED_AUTOS = YES_AGGRESSIVE;
				GCC_WARN_UNUSED_FUNCTION = YES;
				GCC_WARN_UNUSED_VARIABLE = YES;
				IPHONEOS_DEPLOYMENT_TARGET = 10.1;
				MTL_ENABLE_DEBUG_INFO = YES;
				ONLY_ACTIVE_ARCH = YES;
				SDKROOT = iphoneos;
				SWIFT_ACTIVE_COMPILATION_CONDITIONS = DEBUG;
				SWIFT_OPTIMIZATION_LEVEL = "-Onone";
				TARGETED_DEVICE_FAMILY = "1,2";
			};
			name = Debug;
		};
		99D750F41E3815E5009AC92D /* Release */ = {
			isa = XCBuildConfiguration;
			buildSettings = {
				ALWAYS_SEARCH_USER_PATHS = NO;
				CLANG_ANALYZER_NONNULL = YES;
				CLANG_CXX_LANGUAGE_STANDARD = "gnu++0x";
				CLANG_CXX_LIBRARY = "libc++";
				CLANG_ENABLE_MODULES = YES;
				CLANG_ENABLE_OBJC_ARC = YES;
				CLANG_WARN_BOOL_CONVERSION = YES;
				CLANG_WARN_CONSTANT_CONVERSION = YES;
				CLANG_WARN_DIRECT_OBJC_ISA_USAGE = YES_ERROR;
				CLANG_WARN_DOCUMENTATION_COMMENTS = YES;
				CLANG_WARN_EMPTY_BODY = YES;
				CLANG_WARN_ENUM_CONVERSION = YES;
				CLANG_WARN_INFINITE_RECURSION = YES;
				CLANG_WARN_INT_CONVERSION = YES;
				CLANG_WARN_OBJC_ROOT_CLASS = YES_ERROR;
				CLANG_WARN_SUSPICIOUS_MOVES = YES;
				CLANG_WARN_UNREACHABLE_CODE = YES;
				CLANG_WARN__DUPLICATE_METHOD_MATCH = YES;
				"CODE_SIGN_IDENTITY[sdk=iphoneos*]" = "iPhone Developer";
				COPY_PHASE_STRIP = NO;
				DEBUG_INFORMATION_FORMAT = "dwarf-with-dsym";
				ENABLE_NS_ASSERTIONS = NO;
				ENABLE_STRICT_OBJC_MSGSEND = YES;
				GCC_C_LANGUAGE_STANDARD = gnu99;
				GCC_NO_COMMON_BLOCKS = YES;
				GCC_WARN_64_TO_32_BIT_CONVERSION = YES;
				GCC_WARN_ABOUT_RETURN_TYPE = YES_ERROR;
				GCC_WARN_UNDECLARED_SELECTOR = YES;
				GCC_WARN_UNINITIALIZED_AUTOS = YES_AGGRESSIVE;
				GCC_WARN_UNUSED_FUNCTION = YES;
				GCC_WARN_UNUSED_VARIABLE = YES;
				IPHONEOS_DEPLOYMENT_TARGET = 10.1;
				MTL_ENABLE_DEBUG_INFO = NO;
				SDKROOT = iphoneos;
				SWIFT_OPTIMIZATION_LEVEL = "-Owholemodule";
				TARGETED_DEVICE_FAMILY = "1,2";
				VALIDATE_PRODUCT = YES;
			};
			name = Release;
		};
		99D750F61E3815E5009AC92D /* Debug */ = {
			isa = XCBuildConfiguration;
			buildSettings = {
				ASSETCATALOG_COMPILER_APPICON_NAME = AppIcon;
				INFOPLIST_FILE = BabyNamer/Info.plist;
				LD_RUNPATH_SEARCH_PATHS = "$(inherited) @executable_path/Frameworks";
				PRODUCT_BUNDLE_IDENTIFIER = com.motorolasolutions.BabyNamer;
				PRODUCT_NAME = "$(TARGET_NAME)";
				SWIFT_VERSION = 3.0;
			};
			name = Debug;
		};
		99D750F71E3815E5009AC92D /* Release */ = {
			isa = XCBuildConfiguration;
			buildSettings = {
				ASSETCATALOG_COMPILER_APPICON_NAME = AppIcon;
				INFOPLIST_FILE = BabyNamer/Info.plist;
				LD_RUNPATH_SEARCH_PATHS = "$(inherited) @executable_path/Frameworks";
				PRODUCT_BUNDLE_IDENTIFIER = com.motorolasolutions.BabyNamer;
				PRODUCT_NAME = "$(TARGET_NAME)";
				SWIFT_VERSION = 3.0;
			};
			name = Release;
		};
		99D750F91E3815E5009AC92D /* Debug */ = {
			isa = XCBuildConfiguration;
			buildSettings = {
				ALWAYS_EMBED_SWIFT_STANDARD_LIBRARIES = YES;
				BUNDLE_LOADER = "$(TEST_HOST)";
				INFOPLIST_FILE = BabyNamerTests/Info.plist;
				LD_RUNPATH_SEARCH_PATHS = "$(inherited) @executable_path/Frameworks @loader_path/Frameworks";
				PRODUCT_BUNDLE_IDENTIFIER = com.motorolasolutions.BabyNamerTests;
				PRODUCT_NAME = "$(TARGET_NAME)";
				SWIFT_VERSION = 3.0;
				TEST_HOST = "$(BUILT_PRODUCTS_DIR)/BabyNamer.app/BabyNamer";
			};
			name = Debug;
		};
		99D750FA1E3815E5009AC92D /* Release */ = {
			isa = XCBuildConfiguration;
			buildSettings = {
				ALWAYS_EMBED_SWIFT_STANDARD_LIBRARIES = YES;
				BUNDLE_LOADER = "$(TEST_HOST)";
				INFOPLIST_FILE = BabyNamerTests/Info.plist;
				LD_RUNPATH_SEARCH_PATHS = "$(inherited) @executable_path/Frameworks @loader_path/Frameworks";
				PRODUCT_BUNDLE_IDENTIFIER = com.motorolasolutions.BabyNamerTests;
				PRODUCT_NAME = "$(TARGET_NAME)";
				SWIFT_VERSION = 3.0;
				TEST_HOST = "$(BUILT_PRODUCTS_DIR)/BabyNamer.app/BabyNamer";
			};
			name = Release;
		};
/* End XCBuildConfiguration section */

/* Begin XCConfigurationList section */
		99D750D31E3815E5009AC92D /* Build configuration list for PBXProject "BabyNamer" */ = {
			isa = XCConfigurationList;
			buildConfigurations = (
				99D750F31E3815E5009AC92D /* Debug */,
				99D750F41E3815E5009AC92D /* Release */,
			);
			defaultConfigurationIsVisible = 0;
			defaultConfigurationName = Release;
		};
		99D750F51E3815E5009AC92D /* Build configuration list for PBXNativeTarget "BabyNamer" */ = {
			isa = XCConfigurationList;
			buildConfigurations = (
				99D750F61E3815E5009AC92D /* Debug */,
				99D750F71E3815E5009AC92D /* Release */,
			);
			defaultConfigurationIsVisible = 0;
			defaultConfigurationName = Release;
		};
		99D750F81E3815E5009AC92D /* Build configuration list for PBXNativeTarget "BabyNamerTests" */ = {
			isa = XCConfigurationList;
			buildConfigurations = (
				99D750F91E3815E5009AC92D /* Debug */,
				99D750FA1E3815E5009AC92D /* Release */,
			);
			defaultConfigurationIsVisible = 0;
			defaultConfigurationName = Release;
		};
/* End XCConfigurationList section */
	};
	rootObject = 99D750D01E3815E5009AC92D /* Project object */;
}
